
Microsoft Visual Studio Solution File, Format Version 12.00
# Visual Studio Version 16
VisualStudioVersion = 16.0.31702.278
MinimumVisualStudioVersion = 10.0.40219.1
Project("{FAE04EC0-301F-11D3-BF4B-00C04F79EFBC}") = "SocketAsync.Client", "SocketAsync.Client\SocketAsync.Client.csproj", "{1381959E-EACD-417B-96E8-AE868FFFB367}"
EndProject
Project("{FAE04EC0-301F-11D3-BF4B-00C04F79EFBC}") = "SocketAsync.Service", "..\SocketAsync.Desktop\SocketAsync.Service\SocketAsync.Service.csproj", "{EFBFCEEC-1D54-49B9-989B-A0C8C8D5A600}"
EndProject
Global
	GlobalSection(SolutionConfigurationPlatforms) = preSolution
		Debug|Any CPU = Debug|Any CPU
		Release|Any CPU = Release|Any CPU
	EndGlobalSection
	GlobalSection(ProjectConfigurationPlatforms) = postSolution
		{1381959E-EACD-417B-96E8-AE868FFFB367}.Debug|Any CPU.ActiveCfg = Debug|Any CPU
		{1381959E-EACD-417B-96E8-AE868FFFB367}.Debug|Any CPU.Build.0 = Debug|Any CPU
		{1381959E-EACD-417B-96E8-AE868FFFB367}.Release|Any CPU.ActiveCfg = Release|Any CPU
		{1381959E-EACD-417B-96E8-AE868FFFB367}.Release|Any CPU.Build.0 = Release|Any CPU
		{EFBFCEEC-1D54-49B9-989B-A0C8C8D5A600}.Debug|Any CPU.ActiveCfg = Debug|Any CPU
		{EFBFCEEC-1D54-49B9-989B-A0C8C8D5A600}.Debug|Any CPU.Build.0 = Debug|Any CPU
		{EFBFCEEC-1D54-49B9-989B-A0C8C8D5A600}.Release|Any CPU.ActiveCfg = Release|Any CPU
		{EFBFCEEC-1D54-49B9-989B-A0C8C8D5A600}.Release|Any CPU.Build.0 = Release|Any CPU
	EndGlobalSection
	GlobalSection(SolutionProperties) = preSolution
		HideSolutionNode = FALSE
	EndGlobalSection
	GlobalSection(ExtensibilityGlobals) = postSolution
		SolutionGuid = {57523BD4-145D-420D-8673-EDF91FBFCA05}
	EndGlobalSection
EndGlobal
